
Microsoft Visual Studio Solution File, Format Version 12.00
# Visual Studio 14
VisualStudioVersion = 14.0.25420.1
MinimumVisualStudioVersion = 10.0.40219.1
Project("{FAE04EC0-301F-11D3-BF4B-00C04F79EFBC}") = "PessoaCore", "PessoaCore\PessoaCore.csproj", "{88044EC5-5C70-4F25-BBAB-DD304CC206B8}"
EndProject
Project("{2150E333-8FDC-42A3-9474-1A3956D46DE8}") = "src", "src", "{F9CFE423-1BF3-428E-96CE-5E5430737E8C}"
EndProject
Project("{2150E333-8FDC-42A3-9474-1A3956D46DE8}") = "Pessoa.UI.Web", "Pessoa.UI.Web", "{F36C390E-BE0B-4C14-ACFB-A8A05D860E99}"
EndProject
Project("{FAE04EC0-301F-11D3-BF4B-00C04F79EFBC}") = "Pessoa.API", "Pessoa.API\Pessoa.API.csproj", "{BE45ECCE-7923-4BC5-9714-BDB0F1CCF1D8}"
EndProject
Global
	GlobalSection(SolutionConfigurationPlatforms) = preSolution
		Debug|Any CPU = Debug|Any CPU
		Release|Any CPU = Release|Any CPU
	EndGlobalSection
	GlobalSection(ProjectConfigurationPlatforms) = postSolution
		{88044EC5-5C70-4F25-BBAB-DD304CC206B8}.Debug|Any CPU.ActiveCfg = Debug|Any CPU
		{88044EC5-5C70-4F25-BBAB-DD304CC206B8}.Debug|Any CPU.Build.0 = Debug|Any CPU
		{88044EC5-5C70-4F25-BBAB-DD304CC206B8}.Release|Any CPU.ActiveCfg = Release|Any CPU
		{88044EC5-5C70-4F25-BBAB-DD304CC206B8}.Release|Any CPU.Build.0 = Release|Any CPU
		{BE45ECCE-7923-4BC5-9714-BDB0F1CCF1D8}.Debug|Any CPU.ActiveCfg = Debug|Any CPU
		{BE45ECCE-7923-4BC5-9714-BDB0F1CCF1D8}.Debug|Any CPU.Build.0 = Debug|Any CPU
		{BE45ECCE-7923-4BC5-9714-BDB0F1CCF1D8}.Release|Any CPU.ActiveCfg = Release|Any CPU
		{BE45ECCE-7923-4BC5-9714-BDB0F1CCF1D8}.Release|Any CPU.Build.0 = Release|Any CPU
	EndGlobalSection
	GlobalSection(SolutionProperties) = preSolution
		HideSolutionNode = FALSE
	EndGlobalSection
	GlobalSection(NestedProjects) = preSolution
		{F36C390E-BE0B-4C14-ACFB-A8A05D860E99} = {F9CFE423-1BF3-428E-96CE-5E5430737E8C}
		{BE45ECCE-7923-4BC5-9714-BDB0F1CCF1D8} = {F9CFE423-1BF3-428E-96CE-5E5430737E8C}
	EndGlobalSection
EndGlobal
